
Microsoft Visual Studio Solution File, Format Version 12.00
# Visual Studio Version 16
VisualStudioVersion = 16.0.30320.27
MinimumVisualStudioVersion = 10.0.40219.1
Project("{FAE04EC0-301F-11D3-BF4B-00C04F79EFBC}") = "OttersDatabase", "OttersDatabase\OttersDatabase.csproj", "{D2E51CDA-D493-4C01-9EF2-0C6EB418FA28}"
EndProject
Global
	GlobalSection(SolutionConfigurationPlatforms) = preSolution
		Debug|Any CPU = Debug|Any CPU
		Release|Any CPU = Release|Any CPU
	EndGlobalSection
	GlobalSection(ProjectConfigurationPlatforms) = postSolution
		{D2E51CDA-D493-4C01-9EF2-0C6EB418FA28}.Debug|Any CPU.ActiveCfg = Debug|Any CPU
		{D2E51CDA-D493-4C01-9EF2-0C6EB418FA28}.Debug|Any CPU.Build.0 = Debug|Any CPU
		{D2E51CDA-D493-4C01-9EF2-0C6EB418FA28}.Release|Any CPU.ActiveCfg = Release|Any CPU
		{D2E51CDA-D493-4C01-9EF2-0C6EB418FA28}.Release|Any CPU.Build.0 = Release|Any CPU
	EndGlobalSection
	GlobalSection(SolutionProperties) = preSolution
		HideSolutionNode = FALSE
	EndGlobalSection
	GlobalSection(ExtensibilityGlobals) = postSolution
		SolutionGuid = {CCDFA0E9-855F-4C58-BE83-F1574E6E2B2F}
	EndGlobalSection
EndGlobal
